
Microsoft Visual Studio Solution File, Format Version 12.00
# Visual Studio 2012
Project("{FAE04EC0-301F-11D3-BF4B-00C04F79EFBC}") = "EventDemo 2", "EventDemo 2\EventDemo 2.csproj", "{BB20F417-6435-49D4-B5FC-5FA33C8C51DA}"
EndProject
Global
	GlobalSection(SolutionConfigurationPlatforms) = preSolution
		Debug|Any CPU = Debug|Any CPU
		Release|Any CPU = Release|Any CPU
	EndGlobalSection
	GlobalSection(ProjectConfigurationPlatforms) = postSolution
		{BB20F417-6435-49D4-B5FC-5FA33C8C51DA}.Debug|Any CPU.ActiveCfg = Debug|Any CPU
		{BB20F417-6435-49D4-B5FC-5FA33C8C51DA}.Debug|Any CPU.Build.0 = Debug|Any CPU
		{BB20F417-6435-49D4-B5FC-5FA33C8C51DA}.Release|Any CPU.ActiveCfg = Release|Any CPU
		{BB20F417-6435-49D4-B5FC-5FA33C8C51DA}.Release|Any CPU.Build.0 = Release|Any CPU
	EndGlobalSection
	GlobalSection(SolutionProperties) = preSolution
		HideSolutionNode = FALSE
	EndGlobalSection
EndGlobal
