
Microsoft Visual Studio Solution File, Format Version 12.00
# Visual Studio 2012
Project("{FAE04EC0-301F-11D3-BF4B-00C04F79EFBC}") = "ConsoleApplication4", "ConsoleApplication4\ConsoleApplication4.csproj", "{EEFB2018-C2A0-4F58-A060-3975925D7903}"
EndProject
Global
	GlobalSection(SolutionConfigurationPlatforms) = preSolution
		Debug|Any CPU = Debug|Any CPU
		Release|Any CPU = Release|Any CPU
	EndGlobalSection
	GlobalSection(ProjectConfigurationPlatforms) = postSolution
		{EEFB2018-C2A0-4F58-A060-3975925D7903}.Debug|Any CPU.ActiveCfg = Debug|Any CPU
		{EEFB2018-C2A0-4F58-A060-3975925D7903}.Debug|Any CPU.Build.0 = Debug|Any CPU
		{EEFB2018-C2A0-4F58-A060-3975925D7903}.Release|Any CPU.ActiveCfg = Release|Any CPU
		{EEFB2018-C2A0-4F58-A060-3975925D7903}.Release|Any CPU.Build.0 = Release|Any CPU
	EndGlobalSection
	GlobalSection(SolutionProperties) = preSolution
		HideSolutionNode = FALSE
	EndGlobalSection
EndGlobal
