
Microsoft Visual Studio Solution File, Format Version 12.00
# Visual Studio 2012
Project("{FAE04EC0-301F-11D3-BF4B-00C04F79EFBC}") = "DelegateAndEvent", "DelegateAndEvent\DelegateAndEvent.csproj", "{50FEB946-A4AB-442A-B2E5-74C3CE5B84E4}"
EndProject
Global
	GlobalSection(SolutionConfigurationPlatforms) = preSolution
		Debug|Any CPU = Debug|Any CPU
		Release|Any CPU = Release|Any CPU
	EndGlobalSection
	GlobalSection(ProjectConfigurationPlatforms) = postSolution
		{50FEB946-A4AB-442A-B2E5-74C3CE5B84E4}.Debug|Any CPU.ActiveCfg = Debug|Any CPU
		{50FEB946-A4AB-442A-B2E5-74C3CE5B84E4}.Debug|Any CPU.Build.0 = Debug|Any CPU
		{50FEB946-A4AB-442A-B2E5-74C3CE5B84E4}.Release|Any CPU.ActiveCfg = Release|Any CPU
		{50FEB946-A4AB-442A-B2E5-74C3CE5B84E4}.Release|Any CPU.Build.0 = Release|Any CPU
	EndGlobalSection
	GlobalSection(SolutionProperties) = preSolution
		HideSolutionNode = FALSE
	EndGlobalSection
EndGlobal
