
Microsoft Visual Studio Solution File, Format Version 12.00
# Visual Studio 2012
Project("{FAE04EC0-301F-11D3-BF4B-00C04F79EFBC}") = "WCFCadastroDeClientes", "WCFCadastroDeClientes\WCFCadastroDeClientes.csproj", "{A8F1F886-DFCB-42C0-9DC4-0B5516A8D4B2}"
EndProject
Project("{FAE04EC0-301F-11D3-BF4B-00C04F79EFBC}") = "WPFCadastroDeClientes.Client", "WPFCadastroDeClientes.Client\WPFCadastroDeClientes.Client.csproj", "{73D0C7D8-3A21-496B-989F-40F5B09D57A4}"
EndProject
Global
	GlobalSection(SolutionConfigurationPlatforms) = preSolution
		Debug|Any CPU = Debug|Any CPU
		Release|Any CPU = Release|Any CPU
	EndGlobalSection
	GlobalSection(ProjectConfigurationPlatforms) = postSolution
		{A8F1F886-DFCB-42C0-9DC4-0B5516A8D4B2}.Debug|Any CPU.ActiveCfg = Debug|Any CPU
		{A8F1F886-DFCB-42C0-9DC4-0B5516A8D4B2}.Debug|Any CPU.Build.0 = Debug|Any CPU
		{A8F1F886-DFCB-42C0-9DC4-0B5516A8D4B2}.Release|Any CPU.ActiveCfg = Release|Any CPU
		{A8F1F886-DFCB-42C0-9DC4-0B5516A8D4B2}.Release|Any CPU.Build.0 = Release|Any CPU
		{73D0C7D8-3A21-496B-989F-40F5B09D57A4}.Debug|Any CPU.ActiveCfg = Debug|Any CPU
		{73D0C7D8-3A21-496B-989F-40F5B09D57A4}.Debug|Any CPU.Build.0 = Debug|Any CPU
		{73D0C7D8-3A21-496B-989F-40F5B09D57A4}.Release|Any CPU.ActiveCfg = Release|Any CPU
		{73D0C7D8-3A21-496B-989F-40F5B09D57A4}.Release|Any CPU.Build.0 = Release|Any CPU
	EndGlobalSection
	GlobalSection(SolutionProperties) = preSolution
		HideSolutionNode = FALSE
	EndGlobalSection
EndGlobal
